{
  "name": "js2php",
  "version": "0.1.0",
  "lockfileVersion": 1,
  "requires": true,
  "dependencies": {
    "acorn": {
      "version": "5.5.1",
      "resolved": "https://registry.npmjs.org/acorn/-/acorn-5.5.1.tgz",
      "integrity": "sha512-D/KGiCpM/VOtTMDS+wfjywEth926WUrArrzYov4N4SI7t+3y8747dPpCmmAvrm/Z3ygqMHnyPxvYYO0yTdn/nQ=="
    },
    "acorn-jsx": {
      "version": "3.0.1",
      "resolved": "https://registry.npmjs.org/acorn-jsx/-/acorn-jsx-3.0.1.tgz",
      "integrity": "sha1-r9+UiPsezvyDSPb7IvRk4ypYs2s=",
      "requires": {
        "acorn": "3.3.0"
      },
      "dependencies": {
        "acorn": {
          "version": "3.3.0",
          "resolved": "https://registry.npmjs.org/acorn/-/acorn-3.3.0.tgz",
          "integrity": "sha1-ReN/s56No/JbruP/U2niu18iAXo="
        }
      }
    },
    "d": {
      "version": "1.0.0",
      "resolved": "https://registry.npmjs.org/d/-/d-1.0.0.tgz",
      "integrity": "sha1-dUu1v+VUUdpppYuU1F9MWwRi1Y8=",
      "requires": {
        "es5-ext": "0.10.39"
      }
    },
    "es5-ext": {
      "version": "0.10.39",
      "resolved": "https://registry.npmjs.org/es5-ext/-/es5-ext-0.10.39.tgz",
      "integrity": "sha512-AlaXZhPHl0po/uxMx1tyrlt1O86M6D5iVaDH8UgLfgek4kXTX6vzsRfJQWC2Ku+aG8pkw1XWzh9eTkwfVrsD5g==",
      "requires": {
        "es6-iterator": "2.0.3",
        "es6-symbol": "3.1.1"
      }
    },
    "es6-iterator": {
      "version": "2.0.3",
      "resolved": "https://registry.npmjs.org/es6-iterator/-/es6-iterator-2.0.3.tgz",
      "integrity": "sha1-p96IkUGgWpSwhUQDstCg+/qY87c=",
      "requires": {
        "d": "1.0.0",
        "es5-ext": "0.10.39",
        "es6-symbol": "3.1.1"
      }
    },
    "es6-map": {
      "version": "0.1.5",
      "resolved": "https://registry.npmjs.org/es6-map/-/es6-map-0.1.5.tgz",
      "integrity": "sha1-kTbgUD3MBqMBaQ8LsU/042TpSfA=",
      "requires": {
        "d": "1.0.0",
        "es5-ext": "0.10.39",
        "es6-iterator": "2.0.3",
        "es6-set": "0.1.5",
        "es6-symbol": "3.1.1",
        "event-emitter": "0.3.5"
      }
    },
    "es6-set": {
      "version": "0.1.5",
      "resolved": "https://registry.npmjs.org/es6-set/-/es6-set-0.1.5.tgz",
      "integrity": "sha1-0rPsXU2ADO2BjbU40ol02wpzzLE=",
      "requires": {
        "d": "1.0.0",
        "es5-ext": "0.10.39",
        "es6-iterator": "2.0.3",
        "es6-symbol": "3.1.1",
        "event-emitter": "0.3.5"
      }
    },
    "es6-symbol": {
      "version": "3.1.1",
      "resolved": "https://registry.npmjs.org/es6-symbol/-/es6-symbol-3.1.1.tgz",
      "integrity": "sha1-vwDvT9q2uhtG7Le2KbTH7VcVzHc=",
      "requires": {
        "d": "1.0.0",
        "es5-ext": "0.10.39"
      }
    },
    "es6-weak-map": {
      "version": "2.0.2",
      "resolved": "https://registry.npmjs.org/es6-weak-map/-/es6-weak-map-2.0.2.tgz",
      "integrity": "sha1-XjqzIlH/0VOKH45f+hNXdy+S2W8=",
      "requires": {
        "d": "1.0.0",
        "es5-ext": "0.10.39",
        "es6-iterator": "2.0.3",
        "es6-symbol": "3.1.1"
      }
    },
    "escope": {
      "version": "3.6.0",
      "resolved": "https://registry.npmjs.org/escope/-/escope-3.6.0.tgz",
      "integrity": "sha1-4Bl16BJ4GhY6ba392AOY3GTIicM=",
      "requires": {
        "es6-map": "0.1.5",
        "es6-weak-map": "2.0.2",
        "esrecurse": "4.2.1",
        "estraverse": "4.2.0"
      }
    },
    "espree": {
      "version": "3.5.4",
      "resolved": "https://registry.npmjs.org/espree/-/espree-3.5.4.tgz",
      "integrity": "sha512-yAcIQxtmMiB/jL32dzEp2enBeidsB7xWPLNiw3IIkpVds1P+h7qF9YwJq1yUNzp2OKXgAprs4F61ih66UsoD1A==",
      "requires": {
        "acorn": "5.5.1",
        "acorn-jsx": "3.0.1"
      }
    },
    "esrecurse": {
      "version": "4.2.1",
      "resolved": "https://registry.npmjs.org/esrecurse/-/esrecurse-4.2.1.tgz",
      "integrity": "sha512-64RBB++fIOAXPw3P9cy89qfMlvZEXZkqqJkjqqXIvzP5ezRZjW+lPWjw35UX/3EhUPFYbg5ER4JYgDw4007/DQ==",
      "requires": {
        "estraverse": "4.2.0"
      }
    },
    "estemplate": {
      "version": "0.5.1",
      "resolved": "https://registry.npmjs.org/estemplate/-/estemplate-0.5.1.tgz",
      "integrity": "sha1-FxSp1GGQc4rJWLyv1J4CnNpWo54=",
      "requires": {
        "esprima": "2.7.3",
        "estraverse": "4.2.0"
      },
      "dependencies": {
        "esprima": {
          "version": "2.7.3",
          "resolved": "https://registry.npmjs.org/esprima/-/esprima-2.7.3.tgz",
          "integrity": "sha1-luO3DVd59q1JzQMmc9HDEnZ7pYE="
        }
      }
    },
    "estraverse": {
      "version": "4.2.0",
      "resolved": "https://registry.npmjs.org/estraverse/-/estraverse-4.2.0.tgz",
      "integrity": "sha1-De4/7TH81GlhjOc0IJn8GvoL2xM="
    },
    "event-emitter": {
      "version": "0.3.5",
      "resolved": "https://registry.npmjs.org/event-emitter/-/event-emitter-0.3.5.tgz",
      "integrity": "sha1-34xp7vFkeSPHFXuc6DhAYQsCzDk=",
      "requires": {
        "d": "1.0.0",
        "es5-ext": "0.10.39"
      }
    }
  }
}
